
Microsoft Visual Studio Solution File, Format Version 12.00
# Visual Studio 15
VisualStudioVersion = 15.0.27004.2010
MinimumVisualStudioVersion = 10.0.40219.1
Project("{2150E333-8FDC-42A3-9474-1A3956D46DE8}") = "src", "src", "{AB0F5E11-0E57-4E7A-B609-BB1C964E930F}"
EndProject
Project("{2150E333-8FDC-42A3-9474-1A3956D46DE8}") = "test", "test", "{71C5170A-A72F-4F4C-A635-D98DF099EA00}"
EndProject
Project("{FAE04EC0-301F-11D3-BF4B-00C04F79EFBC}") = "StarkBIM.SampleRevitApp.RvtAddin", "src\StarkBIM.SampleRevitApp.RvtAddin\StarkBIM.SampleRevitApp.RvtAddin.csproj", "{4EC8BA52-FE06-4F88-80D9-9A54F0C64588}"
EndProject
Project("{FAE04EC0-301F-11D3-BF4B-00C04F79EFBC}") = "StarkBIM.SampleRevitApp.Helpers", "src\StarkBIM.SampleRevitApp.Helpers\StarkBIM.SampleRevitApp.Helpers.csproj", "{DE1A8E8D-B65B-45C9-80B8-048CCDE9C501}"
EndProject
Project("{FAE04EC0-301F-11D3-BF4B-00C04F79EFBC}") = "StarkBIM.SampleRevitApp.Commands", "src\StarkBIM.SampleRevitApp.Commands\StarkBIM.SampleRevitApp.Commands.csproj", "{4E97F5B7-EFA4-4505-A366-A0A179049B21}"
EndProject
Project("{FAE04EC0-301F-11D3-BF4B-00C04F79EFBC}") = "StarkBIM.SampleRevitApp.Commands.Test", "test\StarkBIM.SampleRevitApp.Commands.Test\StarkBIM.SampleRevitApp.Commands.Test.csproj", "{21AA67EB-AF15-4569-AC2A-9FBD5472CBEA}"
EndProject
Project("{FAE04EC0-301F-11D3-BF4B-00C04F79EFBC}") = "StarkBIM.SampleRevitApp.Model", "src\StarkBIM.SampleRevitApp.Model\StarkBIM.SampleRevitApp.Model.csproj", "{05698FFA-DFFA-402E-8D96-16E4A999B559}"
	ProjectSection(ProjectDependencies) = postProject
		{DE1A8E8D-B65B-45C9-80B8-048CCDE9C501} = {DE1A8E8D-B65B-45C9-80B8-048CCDE9C501}
	EndProjectSection
EndProject
Project("{FAE04EC0-301F-11D3-BF4B-00C04F79EFBC}") = "StarkBIM.SampleRevitApp.RvtAddin.Test", "test\StarkBIM.SampleRevitApp.RvtAddin.Test\StarkBIM.SampleRevitApp.RvtAddin.Test.csproj", "{F48E977B-6EB9-44E6-9CEF-32E8DD53649B}"
EndProject
Project("{2150E333-8FDC-42A3-9474-1A3956D46DE8}") = "Solution Items", "Solution Items", "{C52D763C-4080-4786-9F70-8A4FB1552748}"
	ProjectSection(SolutionItems) = preProject
		.gitignore = .gitignore
		CopyTestAssemblies.ps1 = CopyTestAssemblies.ps1
		GetInstallDirectory.psm1 = GetInstallDirectory.psm1
		SharedCodeAnalysis.ruleset = SharedCodeAnalysis.ruleset
		TestClassRuleSet.ruleset = TestClassRuleSet.ruleset
	EndProjectSection
EndProject
Project("{FAE04EC0-301F-11D3-BF4B-00C04F79EFBC}") = "StarkBIM.SampleRevitApp.Helpers.Test", "test\StarkBIM.SampleRevitApp.Helpers.Test\StarkBIM.SampleRevitApp.Helpers.Test.csproj", "{00FD9C34-5F7B-4E2F-B6B1-8CDB33842656}"
EndProject
Project("{FAE04EC0-301F-11D3-BF4B-00C04F79EFBC}") = "StarkBIM.SampleRevitApp.Model.Test", "test\StarkBIM.SampleRevitApp.Model.Test\StarkBIM.SampleRevitApp.Model.Test.csproj", "{2087D9D3-95EC-4C49-AB0E-DEC10C476175}"
EndProject
Project("{FAE04EC0-301F-11D3-BF4B-00C04F79EFBC}") = "StarkBIM.SampleRevitApp.Commands.JustMock.Test", "test\StarkBIM.SampleRevitApp.Commands.JustMock.Test\StarkBIM.SampleRevitApp.Commands.JustMock.Test.csproj", "{33B93E99-F2C8-4D12-A728-04EC002D42A2}"
EndProject
Global
	GlobalSection(SolutionConfigurationPlatforms) = preSolution
		2015|x64 = 2015|x64
		2015-Release|x64 = 2015-Release|x64
		2016|x64 = 2016|x64
		2016-Release|x64 = 2016-Release|x64
		2017|x64 = 2017|x64
		2017-Release|x64 = 2017-Release|x64
		2018|x64 = 2018|x64
		2018-Release|x64 = 2018-Release|x64
	EndGlobalSection
	GlobalSection(ProjectConfigurationPlatforms) = postSolution
		{4EC8BA52-FE06-4F88-80D9-9A54F0C64588}.2015|x64.ActiveCfg = 2015|x64
		{4EC8BA52-FE06-4F88-80D9-9A54F0C64588}.2015|x64.Build.0 = 2015|x64
		{4EC8BA52-FE06-4F88-80D9-9A54F0C64588}.2015-Release|x64.ActiveCfg = 2015-Release|x64
		{4EC8BA52-FE06-4F88-80D9-9A54F0C64588}.2015-Release|x64.Build.0 = 2015-Release|x64
		{4EC8BA52-FE06-4F88-80D9-9A54F0C64588}.2016|x64.ActiveCfg = 2016|x64
		{4EC8BA52-FE06-4F88-80D9-9A54F0C64588}.2016|x64.Build.0 = 2016|x64
		{4EC8BA52-FE06-4F88-80D9-9A54F0C64588}.2016-Release|x64.ActiveCfg = 2016-Release|x64
		{4EC8BA52-FE06-4F88-80D9-9A54F0C64588}.2016-Release|x64.Build.0 = 2016-Release|x64
		{4EC8BA52-FE06-4F88-80D9-9A54F0C64588}.2017|x64.ActiveCfg = 2017|x64
		{4EC8BA52-FE06-4F88-80D9-9A54F0C64588}.2017|x64.Build.0 = 2017|x64
		{4EC8BA52-FE06-4F88-80D9-9A54F0C64588}.2017-Release|x64.ActiveCfg = 2017-Release|x64
		{4EC8BA52-FE06-4F88-80D9-9A54F0C64588}.2017-Release|x64.Build.0 = 2017-Release|x64
		{4EC8BA52-FE06-4F88-80D9-9A54F0C64588}.2018|x64.ActiveCfg = 2018|x64
		{4EC8BA52-FE06-4F88-80D9-9A54F0C64588}.2018|x64.Build.0 = 2018|x64
		{4EC8BA52-FE06-4F88-80D9-9A54F0C64588}.2018-Release|x64.ActiveCfg = 2018-Release|x64
		{4EC8BA52-FE06-4F88-80D9-9A54F0C64588}.2018-Release|x64.Build.0 = 2018-Release|x64
		{DE1A8E8D-B65B-45C9-80B8-048CCDE9C501}.2015|x64.ActiveCfg = Debug|x64
		{DE1A8E8D-B65B-45C9-80B8-048CCDE9C501}.2015|x64.Build.0 = Debug|x64
		{DE1A8E8D-B65B-45C9-80B8-048CCDE9C501}.2015-Release|x64.ActiveCfg = Release|x64
		{DE1A8E8D-B65B-45C9-80B8-048CCDE9C501}.2015-Release|x64.Build.0 = Release|x64
		{DE1A8E8D-B65B-45C9-80B8-048CCDE9C501}.2016|x64.ActiveCfg = Debug|x64
		{DE1A8E8D-B65B-45C9-80B8-048CCDE9C501}.2016|x64.Build.0 = Debug|x64
		{DE1A8E8D-B65B-45C9-80B8-048CCDE9C501}.2016-Release|x64.ActiveCfg = Release|x64
		{DE1A8E8D-B65B-45C9-80B8-048CCDE9C501}.2016-Release|x64.Build.0 = Release|x64
		{DE1A8E8D-B65B-45C9-80B8-048CCDE9C501}.2017|x64.ActiveCfg = Debug|x64
		{DE1A8E8D-B65B-45C9-80B8-048CCDE9C501}.2017|x64.Build.0 = Debug|x64
		{DE1A8E8D-B65B-45C9-80B8-048CCDE9C501}.2017-Release|x64.ActiveCfg = Release|x64
		{DE1A8E8D-B65B-45C9-80B8-048CCDE9C501}.2017-Release|x64.Build.0 = Release|x64
		{DE1A8E8D-B65B-45C9-80B8-048CCDE9C501}.2018|x64.ActiveCfg = Debug|x64
		{DE1A8E8D-B65B-45C9-80B8-048CCDE9C501}.2018|x64.Build.0 = Debug|x64
		{DE1A8E8D-B65B-45C9-80B8-048CCDE9C501}.2018-Release|x64.ActiveCfg = Release|x64
		{DE1A8E8D-B65B-45C9-80B8-048CCDE9C501}.2018-Release|x64.Build.0 = Release|x64
		{4E97F5B7-EFA4-4505-A366-A0A179049B21}.2015|x64.ActiveCfg = 2015|x64
		{4E97F5B7-EFA4-4505-A366-A0A179049B21}.2015|x64.Build.0 = 2015|x64
		{4E97F5B7-EFA4-4505-A366-A0A179049B21}.2015-Release|x64.ActiveCfg = 2015-Release|x64
		{4E97F5B7-EFA4-4505-A366-A0A179049B21}.2015-Release|x64.Build.0 = 2015-Release|x64
		{4E97F5B7-EFA4-4505-A366-A0A179049B21}.2016|x64.ActiveCfg = 2016|x64
		{4E97F5B7-EFA4-4505-A366-A0A179049B21}.2016|x64.Build.0 = 2016|x64
		{4E97F5B7-EFA4-4505-A366-A0A179049B21}.2016-Release|x64.ActiveCfg = 2016-Release|x64
		{4E97F5B7-EFA4-4505-A366-A0A179049B21}.2016-Release|x64.Build.0 = 2016-Release|x64
		{4E97F5B7-EFA4-4505-A366-A0A179049B21}.2017|x64.ActiveCfg = 2017|x64
		{4E97F5B7-EFA4-4505-A366-A0A179049B21}.2017|x64.Build.0 = 2017|x64
		{4E97F5B7-EFA4-4505-A366-A0A179049B21}.2017-Release|x64.ActiveCfg = 2017-Release|x64
		{4E97F5B7-EFA4-4505-A366-A0A179049B21}.2017-Release|x64.Build.0 = 2017-Release|x64
		{4E97F5B7-EFA4-4505-A366-A0A179049B21}.2018|x64.ActiveCfg = 2018|x64
		{4E97F5B7-EFA4-4505-A366-A0A179049B21}.2018|x64.Build.0 = 2018|x64
		{4E97F5B7-EFA4-4505-A366-A0A179049B21}.2018-Release|x64.ActiveCfg = 2018-Release|x64
		{4E97F5B7-EFA4-4505-A366-A0A179049B21}.2018-Release|x64.Build.0 = 2018-Release|x64
		{21AA67EB-AF15-4569-AC2A-9FBD5472CBEA}.2015|x64.ActiveCfg = 2015|x64
		{21AA67EB-AF15-4569-AC2A-9FBD5472CBEA}.2015|x64.Build.0 = 2015|x64
		{21AA67EB-AF15-4569-AC2A-9FBD5472CBEA}.2015-Release|x64.ActiveCfg = 2015-Release|x64
		{21AA67EB-AF15-4569-AC2A-9FBD5472CBEA}.2015-Release|x64.Build.0 = 2015-Release|x64
		{21AA67EB-AF15-4569-AC2A-9FBD5472CBEA}.2016|x64.ActiveCfg = 2016|x64
		{21AA67EB-AF15-4569-AC2A-9FBD5472CBEA}.2016|x64.Build.0 = 2016|x64
		{21AA67EB-AF15-4569-AC2A-9FBD5472CBEA}.2016-Release|x64.ActiveCfg = 2016-Release|x64
		{21AA67EB-AF15-4569-AC2A-9FBD5472CBEA}.2016-Release|x64.Build.0 = 2016-Release|x64
		{21AA67EB-AF15-4569-AC2A-9FBD5472CBEA}.2017|x64.ActiveCfg = 2017|x64
		{21AA67EB-AF15-4569-AC2A-9FBD5472CBEA}.2017|x64.Build.0 = 2017|x64
		{21AA67EB-AF15-4569-AC2A-9FBD5472CBEA}.2017-Release|x64.ActiveCfg = 2017-Release|x64
		{21AA67EB-AF15-4569-AC2A-9FBD5472CBEA}.2017-Release|x64.Build.0 = 2017-Release|x64
		{21AA67EB-AF15-4569-AC2A-9FBD5472CBEA}.2018|x64.ActiveCfg = 2018|x64
		{21AA67EB-AF15-4569-AC2A-9FBD5472CBEA}.2018|x64.Build.0 = 2018|x64
		{21AA67EB-AF15-4569-AC2A-9FBD5472CBEA}.2018-Release|x64.ActiveCfg = 2018-Release|x64
		{21AA67EB-AF15-4569-AC2A-9FBD5472CBEA}.2018-Release|x64.Build.0 = 2018-Release|x64
		{05698FFA-DFFA-402E-8D96-16E4A999B559}.2015|x64.ActiveCfg = Debug|x64
		{05698FFA-DFFA-402E-8D96-16E4A999B559}.2015|x64.Build.0 = Debug|x64
		{05698FFA-DFFA-402E-8D96-16E4A999B559}.2015-Release|x64.ActiveCfg = Release|x64
		{05698FFA-DFFA-402E-8D96-16E4A999B559}.2015-Release|x64.Build.0 = Release|x64
		{05698FFA-DFFA-402E-8D96-16E4A999B559}.2016|x64.ActiveCfg = Debug|x64
		{05698FFA-DFFA-402E-8D96-16E4A999B559}.2016|x64.Build.0 = Debug|x64
		{05698FFA-DFFA-402E-8D96-16E4A999B559}.2016-Release|x64.ActiveCfg = Release|x64
		{05698FFA-DFFA-402E-8D96-16E4A999B559}.2016-Release|x64.Build.0 = Release|x64
		{05698FFA-DFFA-402E-8D96-16E4A999B559}.2017|x64.ActiveCfg = Debug|x64
		{05698FFA-DFFA-402E-8D96-16E4A999B559}.2017|x64.Build.0 = Debug|x64
		{05698FFA-DFFA-402E-8D96-16E4A999B559}.2017-Release|x64.ActiveCfg = Release|x64
		{05698FFA-DFFA-402E-8D96-16E4A999B559}.2017-Release|x64.Build.0 = Release|x64
		{05698FFA-DFFA-402E-8D96-16E4A999B559}.2018|x64.ActiveCfg = Debug|x64
		{05698FFA-DFFA-402E-8D96-16E4A999B559}.2018|x64.Build.0 = Debug|x64
		{05698FFA-DFFA-402E-8D96-16E4A999B559}.2018-Release|x64.ActiveCfg = Release|x64
		{05698FFA-DFFA-402E-8D96-16E4A999B559}.2018-Release|x64.Build.0 = Release|x64
		{F48E977B-6EB9-44E6-9CEF-32E8DD53649B}.2015|x64.ActiveCfg = 2015|x64
		{F48E977B-6EB9-44E6-9CEF-32E8DD53649B}.2015|x64.Build.0 = 2015|x64
		{F48E977B-6EB9-44E6-9CEF-32E8DD53649B}.2015-Release|x64.ActiveCfg = 2015-Release|x64
		{F48E977B-6EB9-44E6-9CEF-32E8DD53649B}.2015-Release|x64.Build.0 = 2015-Release|x64
		{F48E977B-6EB9-44E6-9CEF-32E8DD53649B}.2016|x64.ActiveCfg = 2016|x64
		{F48E977B-6EB9-44E6-9CEF-32E8DD53649B}.2016|x64.Build.0 = 2016|x64
		{F48E977B-6EB9-44E6-9CEF-32E8DD53649B}.2016-Release|x64.ActiveCfg = 2016-Release|x64
		{F48E977B-6EB9-44E6-9CEF-32E8DD53649B}.2016-Release|x64.Build.0 = 2016-Release|x64
		{F48E977B-6EB9-44E6-9CEF-32E8DD53649B}.2017|x64.ActiveCfg = 2017|x64
		{F48E977B-6EB9-44E6-9CEF-32E8DD53649B}.2017|x64.Build.0 = 2017|x64
		{F48E977B-6EB9-44E6-9CEF-32E8DD53649B}.2017-Release|x64.ActiveCfg = 2017-Release|x64
		{F48E977B-6EB9-44E6-9CEF-32E8DD53649B}.2017-Release|x64.Build.0 = 2017-Release|x64
		{F48E977B-6EB9-44E6-9CEF-32E8DD53649B}.2018|x64.ActiveCfg = 2018|x64
		{F48E977B-6EB9-44E6-9CEF-32E8DD53649B}.2018|x64.Build.0 = 2018|x64
		{F48E977B-6EB9-44E6-9CEF-32E8DD53649B}.2018-Release|x64.ActiveCfg = 2018-Release|x64
		{F48E977B-6EB9-44E6-9CEF-32E8DD53649B}.2018-Release|x64.Build.0 = 2018-Release|x64
		{00FD9C34-5F7B-4E2F-B6B1-8CDB33842656}.2015|x64.ActiveCfg = Debug|x64
		{00FD9C34-5F7B-4E2F-B6B1-8CDB33842656}.2015|x64.Build.0 = Debug|x64
		{00FD9C34-5F7B-4E2F-B6B1-8CDB33842656}.2015-Release|x64.ActiveCfg = Release|x64
		{00FD9C34-5F7B-4E2F-B6B1-8CDB33842656}.2015-Release|x64.Build.0 = Release|x64
		{00FD9C34-5F7B-4E2F-B6B1-8CDB33842656}.2016|x64.ActiveCfg = Debug|x64
		{00FD9C34-5F7B-4E2F-B6B1-8CDB33842656}.2016|x64.Build.0 = Debug|x64
		{00FD9C34-5F7B-4E2F-B6B1-8CDB33842656}.2016-Release|x64.ActiveCfg = Release|x64
		{00FD9C34-5F7B-4E2F-B6B1-8CDB33842656}.2016-Release|x64.Build.0 = Release|x64
		{00FD9C34-5F7B-4E2F-B6B1-8CDB33842656}.2017|x64.ActiveCfg = Debug|x64
		{00FD9C34-5F7B-4E2F-B6B1-8CDB33842656}.2017|x64.Build.0 = Debug|x64
		{00FD9C34-5F7B-4E2F-B6B1-8CDB33842656}.2017-Release|x64.ActiveCfg = Release|x64
		{00FD9C34-5F7B-4E2F-B6B1-8CDB33842656}.2017-Release|x64.Build.0 = Release|x64
		{00FD9C34-5F7B-4E2F-B6B1-8CDB33842656}.2018|x64.ActiveCfg = Debug|x64
		{00FD9C34-5F7B-4E2F-B6B1-8CDB33842656}.2018|x64.Build.0 = Debug|x64
		{00FD9C34-5F7B-4E2F-B6B1-8CDB33842656}.2018-Release|x64.ActiveCfg = Release|x64
		{00FD9C34-5F7B-4E2F-B6B1-8CDB33842656}.2018-Release|x64.Build.0 = Release|x64
		{2087D9D3-95EC-4C49-AB0E-DEC10C476175}.2015|x64.ActiveCfg = Debug|x64
		{2087D9D3-95EC-4C49-AB0E-DEC10C476175}.2015|x64.Build.0 = Debug|x64
		{2087D9D3-95EC-4C49-AB0E-DEC10C476175}.2015-Release|x64.ActiveCfg = Release|x64
		{2087D9D3-95EC-4C49-AB0E-DEC10C476175}.2015-Release|x64.Build.0 = Release|x64
		{2087D9D3-95EC-4C49-AB0E-DEC10C476175}.2016|x64.ActiveCfg = Debug|x64
		{2087D9D3-95EC-4C49-AB0E-DEC10C476175}.2016|x64.Build.0 = Debug|x64
		{2087D9D3-95EC-4C49-AB0E-DEC10C476175}.2016-Release|x64.ActiveCfg = Release|x64
		{2087D9D3-95EC-4C49-AB0E-DEC10C476175}.2016-Release|x64.Build.0 = Release|x64
		{2087D9D3-95EC-4C49-AB0E-DEC10C476175}.2017|x64.ActiveCfg = Debug|x64
		{2087D9D3-95EC-4C49-AB0E-DEC10C476175}.2017|x64.Build.0 = Debug|x64
		{2087D9D3-95EC-4C49-AB0E-DEC10C476175}.2017-Release|x64.ActiveCfg = Release|x64
		{2087D9D3-95EC-4C49-AB0E-DEC10C476175}.2017-Release|x64.Build.0 = Release|x64
		{2087D9D3-95EC-4C49-AB0E-DEC10C476175}.2018|x64.ActiveCfg = Debug|x64
		{2087D9D3-95EC-4C49-AB0E-DEC10C476175}.2018|x64.Build.0 = Debug|x64
		{2087D9D3-95EC-4C49-AB0E-DEC10C476175}.2018-Release|x64.ActiveCfg = Release|x64
		{2087D9D3-95EC-4C49-AB0E-DEC10C476175}.2018-Release|x64.Build.0 = Release|x64
		{33B93E99-F2C8-4D12-A728-04EC002D42A2}.2015|x64.ActiveCfg = 2015|x64
		{33B93E99-F2C8-4D12-A728-04EC002D42A2}.2015|x64.Build.0 = 2015|x64
		{33B93E99-F2C8-4D12-A728-04EC002D42A2}.2015-Release|x64.ActiveCfg = 2015-Release|x64
		{33B93E99-F2C8-4D12-A728-04EC002D42A2}.2015-Release|x64.Build.0 = 2015-Release|x64
		{33B93E99-F2C8-4D12-A728-04EC002D42A2}.2016|x64.ActiveCfg = 2016|x64
		{33B93E99-F2C8-4D12-A728-04EC002D42A2}.2016|x64.Build.0 = 2016|x64
		{33B93E99-F2C8-4D12-A728-04EC002D42A2}.2016-Release|x64.ActiveCfg = 2016-Release|x64
		{33B93E99-F2C8-4D12-A728-04EC002D42A2}.2016-Release|x64.Build.0 = 2016-Release|x64
		{33B93E99-F2C8-4D12-A728-04EC002D42A2}.2017|x64.ActiveCfg = 2017|x64
		{33B93E99-F2C8-4D12-A728-04EC002D42A2}.2017|x64.Build.0 = 2017|x64
		{33B93E99-F2C8-4D12-A728-04EC002D42A2}.2017-Release|x64.ActiveCfg = 2017-Release|x64
		{33B93E99-F2C8-4D12-A728-04EC002D42A2}.2017-Release|x64.Build.0 = 2017-Release|x64
		{33B93E99-F2C8-4D12-A728-04EC002D42A2}.2018|x64.ActiveCfg = 2018|x64
		{33B93E99-F2C8-4D12-A728-04EC002D42A2}.2018|x64.Build.0 = 2018|x64
		{33B93E99-F2C8-4D12-A728-04EC002D42A2}.2018-Release|x64.ActiveCfg = 2018-Release|x64
		{33B93E99-F2C8-4D12-A728-04EC002D42A2}.2018-Release|x64.Build.0 = 2018-Release|x64
	EndGlobalSection
	GlobalSection(SolutionProperties) = preSolution
		HideSolutionNode = FALSE
	EndGlobalSection
	GlobalSection(NestedProjects) = preSolution
		{4EC8BA52-FE06-4F88-80D9-9A54F0C64588} = {AB0F5E11-0E57-4E7A-B609-BB1C964E930F}
		{DE1A8E8D-B65B-45C9-80B8-048CCDE9C501} = {AB0F5E11-0E57-4E7A-B609-BB1C964E930F}
		{4E97F5B7-EFA4-4505-A366-A0A179049B21} = {AB0F5E11-0E57-4E7A-B609-BB1C964E930F}
		{21AA67EB-AF15-4569-AC2A-9FBD5472CBEA} = {71C5170A-A72F-4F4C-A635-D98DF099EA00}
		{05698FFA-DFFA-402E-8D96-16E4A999B559} = {AB0F5E11-0E57-4E7A-B609-BB1C964E930F}
		{F48E977B-6EB9-44E6-9CEF-32E8DD53649B} = {71C5170A-A72F-4F4C-A635-D98DF099EA00}
		{00FD9C34-5F7B-4E2F-B6B1-8CDB33842656} = {71C5170A-A72F-4F4C-A635-D98DF099EA00}
		{2087D9D3-95EC-4C49-AB0E-DEC10C476175} = {71C5170A-A72F-4F4C-A635-D98DF099EA00}
		{33B93E99-F2C8-4D12-A728-04EC002D42A2} = {71C5170A-A72F-4F4C-A635-D98DF099EA00}
	EndGlobalSection
	GlobalSection(ExtensibilityGlobals) = postSolution
		SolutionGuid = {7893F234-57DF-4D46-A3DF-B76E2AA351F6}
	EndGlobalSection
EndGlobal
